
Microsoft Visual Studio Solution File, Format Version 12.00
# Visual Studio Version 16
VisualStudioVersion = 16.0.31410.357
MinimumVisualStudioVersion = 10.0.40219.1
Project("{9A19103F-16F7-4668-BE54-9A1E7A4F7556}") = "AFTPlayer", "AvaPlayer\AFTPlayer.csproj", "{5837D738-3CD4-43DA-B7A1-2E217103F3F1}"
	ProjectSection(ProjectDependencies) = postProject
		{C5E4EAAC-440C-4202-900F-BEEAF49E6875} = {C5E4EAAC-440C-4202-900F-BEEAF49E6875}
	EndProjectSection
EndProject
Project("{9A19103F-16F7-4668-BE54-9A1E7A4F7556}") = "FileReceiverLib", "FileReceiverLib\FileReceiverLib.csproj", "{C5E4EAAC-440C-4202-900F-BEEAF49E6875}"
EndProject
Global
	GlobalSection(SolutionConfigurationPlatforms) = preSolution
		Debug|Any CPU = Debug|Any CPU
		Release|Any CPU = Release|Any CPU
	EndGlobalSection
	GlobalSection(ProjectConfigurationPlatforms) = postSolution
		{5837D738-3CD4-43DA-B7A1-2E217103F3F1}.Debug|Any CPU.ActiveCfg = Debug|Any CPU
		{5837D738-3CD4-43DA-B7A1-2E217103F3F1}.Debug|Any CPU.Build.0 = Debug|Any CPU
		{5837D738-3CD4-43DA-B7A1-2E217103F3F1}.Release|Any CPU.ActiveCfg = Release|Any CPU
		{5837D738-3CD4-43DA-B7A1-2E217103F3F1}.Release|Any CPU.Build.0 = Release|Any CPU
		{C5E4EAAC-440C-4202-900F-BEEAF49E6875}.Debug|Any CPU.ActiveCfg = Debug|Any CPU
		{C5E4EAAC-440C-4202-900F-BEEAF49E6875}.Debug|Any CPU.Build.0 = Debug|Any CPU
		{C5E4EAAC-440C-4202-900F-BEEAF49E6875}.Release|Any CPU.ActiveCfg = Release|Any CPU
		{C5E4EAAC-440C-4202-900F-BEEAF49E6875}.Release|Any CPU.Build.0 = Release|Any CPU
	EndGlobalSection
	GlobalSection(SolutionProperties) = preSolution
		HideSolutionNode = FALSE
	EndGlobalSection
	GlobalSection(ExtensibilityGlobals) = postSolution
		SolutionGuid = {9CDFC6FD-E6B2-4EB5-B253-E85C09EFC2CB}
	EndGlobalSection
EndGlobal
